
Microsoft Visual Studio Solution File, Format Version 12.00
# Visual Studio Version 16
VisualStudioVersion = 16.0.29411.108
MinimumVisualStudioVersion = 10.0.40219.1
Project("{FAE04EC0-301F-11D3-BF4B-00C04F79EFBC}") = "SqliteCodeFirst", "SqliteCodeFirst\SqliteCodeFirst.csproj", "{BA640138-EC0D-4B4F-A86E-ADBC0C5A22F5}"
EndProject
Global
	GlobalSection(SolutionConfigurationPlatforms) = preSolution
		Debug|Any CPU = Debug|Any CPU
		Release|Any CPU = Release|Any CPU
	EndGlobalSection
	GlobalSection(ProjectConfigurationPlatforms) = postSolution
		{BA640138-EC0D-4B4F-A86E-ADBC0C5A22F5}.Debug|Any CPU.ActiveCfg = Debug|Any CPU
		{BA640138-EC0D-4B4F-A86E-ADBC0C5A22F5}.Debug|Any CPU.Build.0 = Debug|Any CPU
		{BA640138-EC0D-4B4F-A86E-ADBC0C5A22F5}.Release|Any CPU.ActiveCfg = Release|Any CPU
		{BA640138-EC0D-4B4F-A86E-ADBC0C5A22F5}.Release|Any CPU.Build.0 = Release|Any CPU
	EndGlobalSection
	GlobalSection(SolutionProperties) = preSolution
		HideSolutionNode = FALSE
	EndGlobalSection
	GlobalSection(ExtensibilityGlobals) = postSolution
		SolutionGuid = {D41E6462-47BB-43ED-B47D-F188E609AD7F}
	EndGlobalSection
EndGlobal
